
Microsoft Visual Studio Solution File, Format Version 12.00
# Visual Studio 14
VisualStudioVersion = 14.0.25420.1
MinimumVisualStudioVersion = 10.0.40219.1
Project("{FAE04EC0-301F-11D3-BF4B-00C04F79EFBC}") = "EVS.Xam005.OnlineShop.Android", "EVS.Xam005.OnlineShop\EVS.Xam005.OnlineShop.Android\EVS.Xam005.OnlineShop.Android.csproj", "{DB2B7912-B7D4-4ABF-93F7-608E3EB07103}"
EndProject
Project("{FAE04EC0-301F-11D3-BF4B-00C04F79EFBC}") = "EVS.Xam005.OnlineShop", "EVS.Xam005.OnlineShop\EVS.Xam005.OnlineShop\EVS.Xam005.OnlineShop.csproj", "{46A19382-611D-4E79-8588-57CDCB03FB0B}"
EndProject
Project("{FAE04EC0-301F-11D3-BF4B-00C04F79EFBC}") = "EVS.Xam005.OnlineShop.UWP", "EVS.Xam005.OnlineShop\EVS.Xam005.OnlineShop.UWP\EVS.Xam005.OnlineShop.UWP.csproj", "{3C849945-4AB0-4E4B-8E7E-AA9895E550EA}"
EndProject
Project("{FAE04EC0-301F-11D3-BF4B-00C04F79EFBC}") = "EVS.Xam005.OnlineShop.iOS", "EVS.Xam005.OnlineShop\EVS.Xam005.OnlineShop.iOS\EVS.Xam005.OnlineShop.iOS.csproj", "{4A7BBADD-7700-42E3-A974-D07850CC564B}"
EndProject
Global
	GlobalSection(SolutionConfigurationPlatforms) = preSolution
		Ad-Hoc|Any CPU = Ad-Hoc|Any CPU
		Ad-Hoc|ARM = Ad-Hoc|ARM
		Ad-Hoc|iPhone = Ad-Hoc|iPhone
		Ad-Hoc|iPhoneSimulator = Ad-Hoc|iPhoneSimulator
		Ad-Hoc|x64 = Ad-Hoc|x64
		Ad-Hoc|x86 = Ad-Hoc|x86
		AppStore|Any CPU = AppStore|Any CPU
		AppStore|ARM = AppStore|ARM
		AppStore|iPhone = AppStore|iPhone
		AppStore|iPhoneSimulator = AppStore|iPhoneSimulator
		AppStore|x64 = AppStore|x64
		AppStore|x86 = AppStore|x86
		Debug|Any CPU = Debug|Any CPU
		Debug|ARM = Debug|ARM
		Debug|iPhone = Debug|iPhone
		Debug|iPhoneSimulator = Debug|iPhoneSimulator
		Debug|x64 = Debug|x64
		Debug|x86 = Debug|x86
		Release|Any CPU = Release|Any CPU
		Release|ARM = Release|ARM
		Release|iPhone = Release|iPhone
		Release|iPhoneSimulator = Release|iPhoneSimulator
		Release|x64 = Release|x64
		Release|x86 = Release|x86
	EndGlobalSection
	GlobalSection(ProjectConfigurationPlatforms) = postSolution
		{DB2B7912-B7D4-4ABF-93F7-608E3EB07103}.Ad-Hoc|Any CPU.ActiveCfg = Release|Any CPU
		{DB2B7912-B7D4-4ABF-93F7-608E3EB07103}.Ad-Hoc|Any CPU.Build.0 = Release|Any CPU
		{DB2B7912-B7D4-4ABF-93F7-608E3EB07103}.Ad-Hoc|Any CPU.Deploy.0 = Release|Any CPU
		{DB2B7912-B7D4-4ABF-93F7-608E3EB07103}.Ad-Hoc|ARM.ActiveCfg = Release|Any CPU
		{DB2B7912-B7D4-4ABF-93F7-608E3EB07103}.Ad-Hoc|ARM.Build.0 = Release|Any CPU
		{DB2B7912-B7D4-4ABF-93F7-608E3EB07103}.Ad-Hoc|ARM.Deploy.0 = Release|Any CPU
		{DB2B7912-B7D4-4ABF-93F7-608E3EB07103}.Ad-Hoc|iPhone.ActiveCfg = Release|Any CPU
		{DB2B7912-B7D4-4ABF-93F7-608E3EB07103}.Ad-Hoc|iPhone.Build.0 = Release|Any CPU
		{DB2B7912-B7D4-4ABF-93F7-608E3EB07103}.Ad-Hoc|iPhone.Deploy.0 = Release|Any CPU
		{DB2B7912-B7D4-4ABF-93F7-608E3EB07103}.Ad-Hoc|iPhoneSimulator.ActiveCfg = Release|Any CPU
		{DB2B7912-B7D4-4ABF-93F7-608E3EB07103}.Ad-Hoc|iPhoneSimulator.Build.0 = Release|Any CPU
		{DB2B7912-B7D4-4ABF-93F7-608E3EB07103}.Ad-Hoc|iPhoneSimulator.Deploy.0 = Release|Any CPU
		{DB2B7912-B7D4-4ABF-93F7-608E3EB07103}.Ad-Hoc|x64.ActiveCfg = Release|Any CPU
		{DB2B7912-B7D4-4ABF-93F7-608E3EB07103}.Ad-Hoc|x64.Build.0 = Release|Any CPU
		{DB2B7912-B7D4-4ABF-93F7-608E3EB07103}.Ad-Hoc|x64.Deploy.0 = Release|Any CPU
		{DB2B7912-B7D4-4ABF-93F7-608E3EB07103}.Ad-Hoc|x86.ActiveCfg = Release|Any CPU
		{DB2B7912-B7D4-4ABF-93F7-608E3EB07103}.Ad-Hoc|x86.Build.0 = Release|Any CPU
		{DB2B7912-B7D4-4ABF-93F7-608E3EB07103}.Ad-Hoc|x86.Deploy.0 = Release|Any CPU
		{DB2B7912-B7D4-4ABF-93F7-608E3EB07103}.AppStore|Any CPU.ActiveCfg = Release|Any CPU
		{DB2B7912-B7D4-4ABF-93F7-608E3EB07103}.AppStore|Any CPU.Build.0 = Release|Any CPU
		{DB2B7912-B7D4-4ABF-93F7-608E3EB07103}.AppStore|Any CPU.Deploy.0 = Release|Any CPU
		{DB2B7912-B7D4-4ABF-93F7-608E3EB07103}.AppStore|ARM.ActiveCfg = Release|Any CPU
		{DB2B7912-B7D4-4ABF-93F7-608E3EB07103}.AppStore|ARM.Build.0 = Release|Any CPU
		{DB2B7912-B7D4-4ABF-93F7-608E3EB07103}.AppStore|ARM.Deploy.0 = Release|Any CPU
		{DB2B7912-B7D4-4ABF-93F7-608E3EB07103}.AppStore|iPhone.ActiveCfg = Release|Any CPU
		{DB2B7912-B7D4-4ABF-93F7-608E3EB07103}.AppStore|iPhone.Build.0 = Release|Any CPU
		{DB2B7912-B7D4-4ABF-93F7-608E3EB07103}.AppStore|iPhone.Deploy.0 = Release|Any CPU
		{DB2B7912-B7D4-4ABF-93F7-608E3EB07103}.AppStore|iPhoneSimulator.ActiveCfg = Release|Any CPU
		{DB2B7912-B7D4-4ABF-93F7-608E3EB07103}.AppStore|iPhoneSimulator.Build.0 = Release|Any CPU
		{DB2B7912-B7D4-4ABF-93F7-608E3EB07103}.AppStore|iPhoneSimulator.Deploy.0 = Release|Any CPU
		{DB2B7912-B7D4-4ABF-93F7-608E3EB07103}.AppStore|x64.ActiveCfg = Release|Any CPU
		{DB2B7912-B7D4-4ABF-93F7-608E3EB07103}.AppStore|x64.Build.0 = Release|Any CPU
		{DB2B7912-B7D4-4ABF-93F7-608E3EB07103}.AppStore|x64.Deploy.0 = Release|Any CPU
		{DB2B7912-B7D4-4ABF-93F7-608E3EB07103}.AppStore|x86.ActiveCfg = Release|Any CPU
		{DB2B7912-B7D4-4ABF-93F7-608E3EB07103}.AppStore|x86.Build.0 = Release|Any CPU
		{DB2B7912-B7D4-4ABF-93F7-608E3EB07103}.AppStore|x86.Deploy.0 = Release|Any CPU
		{DB2B7912-B7D4-4ABF-93F7-608E3EB07103}.Debug|Any CPU.ActiveCfg = Debug|Any CPU
		{DB2B7912-B7D4-4ABF-93F7-608E3EB07103}.Debug|Any CPU.Build.0 = Debug|Any CPU
		{DB2B7912-B7D4-4ABF-93F7-608E3EB07103}.Debug|Any CPU.Deploy.0 = Debug|Any CPU
		{DB2B7912-B7D4-4ABF-93F7-608E3EB07103}.Debug|ARM.ActiveCfg = Debug|Any CPU
		{DB2B7912-B7D4-4ABF-93F7-608E3EB07103}.Debug|ARM.Build.0 = Debug|Any CPU
		{DB2B7912-B7D4-4ABF-93F7-608E3EB07103}.Debug|ARM.Deploy.0 = Debug|Any CPU
		{DB2B7912-B7D4-4ABF-93F7-608E3EB07103}.Debug|iPhone.ActiveCfg = Debug|Any CPU
		{DB2B7912-B7D4-4ABF-93F7-608E3EB07103}.Debug|iPhone.Build.0 = Debug|Any CPU
		{DB2B7912-B7D4-4ABF-93F7-608E3EB07103}.Debug|iPhone.Deploy.0 = Debug|Any CPU
		{DB2B7912-B7D4-4ABF-93F7-608E3EB07103}.Debug|iPhoneSimulator.ActiveCfg = Debug|Any CPU
		{DB2B7912-B7D4-4ABF-93F7-608E3EB07103}.Debug|iPhoneSimulator.Build.0 = Debug|Any CPU
		{DB2B7912-B7D4-4ABF-93F7-608E3EB07103}.Debug|iPhoneSimulator.Deploy.0 = Debug|Any CPU
		{DB2B7912-B7D4-4ABF-93F7-608E3EB07103}.Debug|x64.ActiveCfg = Debug|Any CPU
		{DB2B7912-B7D4-4ABF-93F7-608E3EB07103}.Debug|x64.Build.0 = Debug|Any CPU
		{DB2B7912-B7D4-4ABF-93F7-608E3EB07103}.Debug|x64.Deploy.0 = Debug|Any CPU
		{DB2B7912-B7D4-4ABF-93F7-608E3EB07103}.Debug|x86.ActiveCfg = Debug|Any CPU
		{DB2B7912-B7D4-4ABF-93F7-608E3EB07103}.Debug|x86.Build.0 = Debug|Any CPU
		{DB2B7912-B7D4-4ABF-93F7-608E3EB07103}.Debug|x86.Deploy.0 = Debug|Any CPU
		{DB2B7912-B7D4-4ABF-93F7-608E3EB07103}.Release|Any CPU.ActiveCfg = Release|Any CPU
		{DB2B7912-B7D4-4ABF-93F7-608E3EB07103}.Release|Any CPU.Build.0 = Release|Any CPU
		{DB2B7912-B7D4-4ABF-93F7-608E3EB07103}.Release|Any CPU.Deploy.0 = Release|Any CPU
		{DB2B7912-B7D4-4ABF-93F7-608E3EB07103}.Release|ARM.ActiveCfg = Release|Any CPU
		{DB2B7912-B7D4-4ABF-93F7-608E3EB07103}.Release|ARM.Build.0 = Release|Any CPU
		{DB2B7912-B7D4-4ABF-93F7-608E3EB07103}.Release|ARM.Deploy.0 = Release|Any CPU
		{DB2B7912-B7D4-4ABF-93F7-608E3EB07103}.Release|iPhone.ActiveCfg = Release|Any CPU
		{DB2B7912-B7D4-4ABF-93F7-608E3EB07103}.Release|iPhone.Build.0 = Release|Any CPU
		{DB2B7912-B7D4-4ABF-93F7-608E3EB07103}.Release|iPhone.Deploy.0 = Release|Any CPU
		{DB2B7912-B7D4-4ABF-93F7-608E3EB07103}.Release|iPhoneSimulator.ActiveCfg = Release|Any CPU
		{DB2B7912-B7D4-4ABF-93F7-608E3EB07103}.Release|iPhoneSimulator.Build.0 = Release|Any CPU
		{DB2B7912-B7D4-4ABF-93F7-608E3EB07103}.Release|iPhoneSimulator.Deploy.0 = Release|Any CPU
		{DB2B7912-B7D4-4ABF-93F7-608E3EB07103}.Release|x64.ActiveCfg = Release|Any CPU
		{DB2B7912-B7D4-4ABF-93F7-608E3EB07103}.Release|x64.Build.0 = Release|Any CPU
		{DB2B7912-B7D4-4ABF-93F7-608E3EB07103}.Release|x64.Deploy.0 = Release|Any CPU
		{DB2B7912-B7D4-4ABF-93F7-608E3EB07103}.Release|x86.ActiveCfg = Release|Any CPU
		{DB2B7912-B7D4-4ABF-93F7-608E3EB07103}.Release|x86.Build.0 = Release|Any CPU
		{DB2B7912-B7D4-4ABF-93F7-608E3EB07103}.Release|x86.Deploy.0 = Release|Any CPU
		{46A19382-611D-4E79-8588-57CDCB03FB0B}.Ad-Hoc|Any CPU.ActiveCfg = Release|Any CPU
		{46A19382-611D-4E79-8588-57CDCB03FB0B}.Ad-Hoc|Any CPU.Build.0 = Release|Any CPU
		{46A19382-611D-4E79-8588-57CDCB03FB0B}.Ad-Hoc|ARM.ActiveCfg = Release|Any CPU
		{46A19382-611D-4E79-8588-57CDCB03FB0B}.Ad-Hoc|ARM.Build.0 = Release|Any CPU
		{46A19382-611D-4E79-8588-57CDCB03FB0B}.Ad-Hoc|iPhone.ActiveCfg = Release|Any CPU
		{46A19382-611D-4E79-8588-57CDCB03FB0B}.Ad-Hoc|iPhone.Build.0 = Release|Any CPU
		{46A19382-611D-4E79-8588-57CDCB03FB0B}.Ad-Hoc|iPhoneSimulator.ActiveCfg = Release|Any CPU
		{46A19382-611D-4E79-8588-57CDCB03FB0B}.Ad-Hoc|iPhoneSimulator.Build.0 = Release|Any CPU
		{46A19382-611D-4E79-8588-57CDCB03FB0B}.Ad-Hoc|x64.ActiveCfg = Release|Any CPU
		{46A19382-611D-4E79-8588-57CDCB03FB0B}.Ad-Hoc|x64.Build.0 = Release|Any CPU
		{46A19382-611D-4E79-8588-57CDCB03FB0B}.Ad-Hoc|x86.ActiveCfg = Release|Any CPU
		{46A19382-611D-4E79-8588-57CDCB03FB0B}.Ad-Hoc|x86.Build.0 = Release|Any CPU
		{46A19382-611D-4E79-8588-57CDCB03FB0B}.AppStore|Any CPU.ActiveCfg = Release|Any CPU
		{46A19382-611D-4E79-8588-57CDCB03FB0B}.AppStore|Any CPU.Build.0 = Release|Any CPU
		{46A19382-611D-4E79-8588-57CDCB03FB0B}.AppStore|ARM.ActiveCfg = Release|Any CPU
		{46A19382-611D-4E79-8588-57CDCB03FB0B}.AppStore|ARM.Build.0 = Release|Any CPU
		{46A19382-611D-4E79-8588-57CDCB03FB0B}.AppStore|iPhone.ActiveCfg = Release|Any CPU
		{46A19382-611D-4E79-8588-57CDCB03FB0B}.AppStore|iPhone.Build.0 = Release|Any CPU
		{46A19382-611D-4E79-8588-57CDCB03FB0B}.AppStore|iPhoneSimulator.ActiveCfg = Release|Any CPU
		{46A19382-611D-4E79-8588-57CDCB03FB0B}.AppStore|iPhoneSimulator.Build.0 = Release|Any CPU
		{46A19382-611D-4E79-8588-57CDCB03FB0B}.AppStore|x64.ActiveCfg = Release|Any CPU
		{46A19382-611D-4E79-8588-57CDCB03FB0B}.AppStore|x64.Build.0 = Release|Any CPU
		{46A19382-611D-4E79-8588-57CDCB03FB0B}.AppStore|x86.ActiveCfg = Release|Any CPU
		{46A19382-611D-4E79-8588-57CDCB03FB0B}.AppStore|x86.Build.0 = Release|Any CPU
		{46A19382-611D-4E79-8588-57CDCB03FB0B}.Debug|Any CPU.ActiveCfg = Debug|Any CPU
		{46A19382-611D-4E79-8588-57CDCB03FB0B}.Debug|Any CPU.Build.0 = Debug|Any CPU
		{46A19382-611D-4E79-8588-57CDCB03FB0B}.Debug|ARM.ActiveCfg = Debug|Any CPU
		{46A19382-611D-4E79-8588-57CDCB03FB0B}.Debug|ARM.Build.0 = Debug|Any CPU
		{46A19382-611D-4E79-8588-57CDCB03FB0B}.Debug|iPhone.ActiveCfg = Debug|Any CPU
		{46A19382-611D-4E79-8588-57CDCB03FB0B}.Debug|iPhone.Build.0 = Debug|Any CPU
		{46A19382-611D-4E79-8588-57CDCB03FB0B}.Debug|iPhoneSimulator.ActiveCfg = Debug|Any CPU
		{46A19382-611D-4E79-8588-57CDCB03FB0B}.Debug|iPhoneSimulator.Build.0 = Debug|Any CPU
		{46A19382-611D-4E79-8588-57CDCB03FB0B}.Debug|x64.ActiveCfg = Debug|Any CPU
		{46A19382-611D-4E79-8588-57CDCB03FB0B}.Debug|x64.Build.0 = Debug|Any CPU
		{46A19382-611D-4E79-8588-57CDCB03FB0B}.Debug|x86.ActiveCfg = Debug|Any CPU
		{46A19382-611D-4E79-8588-57CDCB03FB0B}.Debug|x86.Build.0 = Debug|Any CPU
		{46A19382-611D-4E79-8588-57CDCB03FB0B}.Release|Any CPU.ActiveCfg = Release|Any CPU
		{46A19382-611D-4E79-8588-57CDCB03FB0B}.Release|Any CPU.Build.0 = Release|Any CPU
		{46A19382-611D-4E79-8588-57CDCB03FB0B}.Release|ARM.ActiveCfg = Release|Any CPU
		{46A19382-611D-4E79-8588-57CDCB03FB0B}.Release|ARM.Build.0 = Release|Any CPU
		{46A19382-611D-4E79-8588-57CDCB03FB0B}.Release|iPhone.ActiveCfg = Release|Any CPU
		{46A19382-611D-4E79-8588-57CDCB03FB0B}.Release|iPhone.Build.0 = Release|Any CPU
		{46A19382-611D-4E79-8588-57CDCB03FB0B}.Release|iPhoneSimulator.ActiveCfg = Release|Any CPU
		{46A19382-611D-4E79-8588-57CDCB03FB0B}.Release|iPhoneSimulator.Build.0 = Release|Any CPU
		{46A19382-611D-4E79-8588-57CDCB03FB0B}.Release|x64.ActiveCfg = Release|Any CPU
		{46A19382-611D-4E79-8588-57CDCB03FB0B}.Release|x64.Build.0 = Release|Any CPU
		{46A19382-611D-4E79-8588-57CDCB03FB0B}.Release|x86.ActiveCfg = Release|Any CPU
		{46A19382-611D-4E79-8588-57CDCB03FB0B}.Release|x86.Build.0 = Release|Any CPU
		{3C849945-4AB0-4E4B-8E7E-AA9895E550EA}.Ad-Hoc|Any CPU.ActiveCfg = Release|x86
		{3C849945-4AB0-4E4B-8E7E-AA9895E550EA}.Ad-Hoc|Any CPU.Build.0 = Release|x86
		{3C849945-4AB0-4E4B-8E7E-AA9895E550EA}.Ad-Hoc|Any CPU.Deploy.0 = Release|x86
		{3C849945-4AB0-4E4B-8E7E-AA9895E550EA}.Ad-Hoc|ARM.ActiveCfg = Release|ARM
		{3C849945-4AB0-4E4B-8E7E-AA9895E550EA}.Ad-Hoc|ARM.Build.0 = Release|ARM
		{3C849945-4AB0-4E4B-8E7E-AA9895E550EA}.Ad-Hoc|ARM.Deploy.0 = Release|ARM
		{3C849945-4AB0-4E4B-8E7E-AA9895E550EA}.Ad-Hoc|iPhone.ActiveCfg = Release|x86
		{3C849945-4AB0-4E4B-8E7E-AA9895E550EA}.Ad-Hoc|iPhone.Build.0 = Release|x86
		{3C849945-4AB0-4E4B-8E7E-AA9895E550EA}.Ad-Hoc|iPhone.Deploy.0 = Release|x86
		{3C849945-4AB0-4E4B-8E7E-AA9895E550EA}.Ad-Hoc|iPhoneSimulator.ActiveCfg = Release|x86
		{3C849945-4AB0-4E4B-8E7E-AA9895E550EA}.Ad-Hoc|iPhoneSimulator.Build.0 = Release|x86
		{3C849945-4AB0-4E4B-8E7E-AA9895E550EA}.Ad-Hoc|iPhoneSimulator.Deploy.0 = Release|x86
		{3C849945-4AB0-4E4B-8E7E-AA9895E550EA}.Ad-Hoc|x64.ActiveCfg = Release|x64
		{3C849945-4AB0-4E4B-8E7E-AA9895E550EA}.Ad-Hoc|x64.Build.0 = Release|x64
		{3C849945-4AB0-4E4B-8E7E-AA9895E550EA}.Ad-Hoc|x64.Deploy.0 = Release|x64
		{3C849945-4AB0-4E4B-8E7E-AA9895E550EA}.Ad-Hoc|x86.ActiveCfg = Release|x86
		{3C849945-4AB0-4E4B-8E7E-AA9895E550EA}.Ad-Hoc|x86.Build.0 = Release|x86
		{3C849945-4AB0-4E4B-8E7E-AA9895E550EA}.Ad-Hoc|x86.Deploy.0 = Release|x86
		{3C849945-4AB0-4E4B-8E7E-AA9895E550EA}.AppStore|Any CPU.ActiveCfg = Release|x86
		{3C849945-4AB0-4E4B-8E7E-AA9895E550EA}.AppStore|Any CPU.Build.0 = Release|x86
		{3C849945-4AB0-4E4B-8E7E-AA9895E550EA}.AppStore|Any CPU.Deploy.0 = Release|x86
		{3C849945-4AB0-4E4B-8E7E-AA9895E550EA}.AppStore|ARM.ActiveCfg = Release|ARM
		{3C849945-4AB0-4E4B-8E7E-AA9895E550EA}.AppStore|ARM.Build.0 = Release|ARM
		{3C849945-4AB0-4E4B-8E7E-AA9895E550EA}.AppStore|ARM.Deploy.0 = Release|ARM
		{3C849945-4AB0-4E4B-8E7E-AA9895E550EA}.AppStore|iPhone.ActiveCfg = Release|x86
		{3C849945-4AB0-4E4B-8E7E-AA9895E550EA}.AppStore|iPhone.Build.0 = Release|x86
		{3C849945-4AB0-4E4B-8E7E-AA9895E550EA}.AppStore|iPhone.Deploy.0 = Release|x86
		{3C849945-4AB0-4E4B-8E7E-AA9895E550EA}.AppStore|iPhoneSimulator.ActiveCfg = Release|x86
		{3C849945-4AB0-4E4B-8E7E-AA9895E550EA}.AppStore|iPhoneSimulator.Build.0 = Release|x86
		{3C849945-4AB0-4E4B-8E7E-AA9895E550EA}.AppStore|iPhoneSimulator.Deploy.0 = Release|x86
		{3C849945-4AB0-4E4B-8E7E-AA9895E550EA}.AppStore|x64.ActiveCfg = Release|x64
		{3C849945-4AB0-4E4B-8E7E-AA9895E550EA}.AppStore|x64.Build.0 = Release|x64
		{3C849945-4AB0-4E4B-8E7E-AA9895E550EA}.AppStore|x64.Deploy.0 = Release|x64
		{3C849945-4AB0-4E4B-8E7E-AA9895E550EA}.AppStore|x86.ActiveCfg = Release|x86
		{3C849945-4AB0-4E4B-8E7E-AA9895E550EA}.AppStore|x86.Build.0 = Release|x86
		{3C849945-4AB0-4E4B-8E7E-AA9895E550EA}.AppStore|x86.Deploy.0 = Release|x86
		{3C849945-4AB0-4E4B-8E7E-AA9895E550EA}.Debug|Any CPU.ActiveCfg = Debug|x86
		{3C849945-4AB0-4E4B-8E7E-AA9895E550EA}.Debug|Any CPU.Build.0 = Debug|x86
		{3C849945-4AB0-4E4B-8E7E-AA9895E550EA}.Debug|Any CPU.Deploy.0 = Debug|x86
		{3C849945-4AB0-4E4B-8E7E-AA9895E550EA}.Debug|ARM.ActiveCfg = Debug|ARM
		{3C849945-4AB0-4E4B-8E7E-AA9895E550EA}.Debug|ARM.Build.0 = Debug|ARM
		{3C849945-4AB0-4E4B-8E7E-AA9895E550EA}.Debug|ARM.Deploy.0 = Debug|ARM
		{3C849945-4AB0-4E4B-8E7E-AA9895E550EA}.Debug|iPhone.ActiveCfg = Debug|x86
		{3C849945-4AB0-4E4B-8E7E-AA9895E550EA}.Debug|iPhoneSimulator.ActiveCfg = Debug|x86
		{3C849945-4AB0-4E4B-8E7E-AA9895E550EA}.Debug|x64.ActiveCfg = Debug|x64
		{3C849945-4AB0-4E4B-8E7E-AA9895E550EA}.Debug|x64.Build.0 = Debug|x64
		{3C849945-4AB0-4E4B-8E7E-AA9895E550EA}.Debug|x64.Deploy.0 = Debug|x64
		{3C849945-4AB0-4E4B-8E7E-AA9895E550EA}.Debug|x86.ActiveCfg = Debug|x86
		{3C849945-4AB0-4E4B-8E7E-AA9895E550EA}.Debug|x86.Build.0 = Debug|x86
		{3C849945-4AB0-4E4B-8E7E-AA9895E550EA}.Debug|x86.Deploy.0 = Debug|x86
		{3C849945-4AB0-4E4B-8E7E-AA9895E550EA}.Release|Any CPU.ActiveCfg = Release|x86
		{3C849945-4AB0-4E4B-8E7E-AA9895E550EA}.Release|ARM.ActiveCfg = Release|ARM
		{3C849945-4AB0-4E4B-8E7E-AA9895E550EA}.Release|ARM.Build.0 = Release|ARM
		{3C849945-4AB0-4E4B-8E7E-AA9895E550EA}.Release|ARM.Deploy.0 = Release|ARM
		{3C849945-4AB0-4E4B-8E7E-AA9895E550EA}.Release|iPhone.ActiveCfg = Release|x86
		{3C849945-4AB0-4E4B-8E7E-AA9895E550EA}.Release|iPhoneSimulator.ActiveCfg = Release|x86
		{3C849945-4AB0-4E4B-8E7E-AA9895E550EA}.Release|x64.ActiveCfg = Release|x64
		{3C849945-4AB0-4E4B-8E7E-AA9895E550EA}.Release|x64.Build.0 = Release|x64
		{3C849945-4AB0-4E4B-8E7E-AA9895E550EA}.Release|x64.Deploy.0 = Release|x64
		{3C849945-4AB0-4E4B-8E7E-AA9895E550EA}.Release|x86.ActiveCfg = Release|x86
		{3C849945-4AB0-4E4B-8E7E-AA9895E550EA}.Release|x86.Build.0 = Release|x86
		{3C849945-4AB0-4E4B-8E7E-AA9895E550EA}.Release|x86.Deploy.0 = Release|x86
		{4A7BBADD-7700-42E3-A974-D07850CC564B}.Ad-Hoc|Any CPU.ActiveCfg = Ad-Hoc|iPhone
		{4A7BBADD-7700-42E3-A974-D07850CC564B}.Ad-Hoc|ARM.ActiveCfg = Ad-Hoc|iPhone
		{4A7BBADD-7700-42E3-A974-D07850CC564B}.Ad-Hoc|iPhone.ActiveCfg = Ad-Hoc|iPhone
		{4A7BBADD-7700-42E3-A974-D07850CC564B}.Ad-Hoc|iPhone.Build.0 = Ad-Hoc|iPhone
		{4A7BBADD-7700-42E3-A974-D07850CC564B}.Ad-Hoc|iPhoneSimulator.ActiveCfg = Ad-Hoc|iPhoneSimulator
		{4A7BBADD-7700-42E3-A974-D07850CC564B}.Ad-Hoc|iPhoneSimulator.Build.0 = Ad-Hoc|iPhoneSimulator
		{4A7BBADD-7700-42E3-A974-D07850CC564B}.Ad-Hoc|x64.ActiveCfg = Ad-Hoc|iPhone
		{4A7BBADD-7700-42E3-A974-D07850CC564B}.Ad-Hoc|x86.ActiveCfg = Ad-Hoc|iPhone
		{4A7BBADD-7700-42E3-A974-D07850CC564B}.AppStore|Any CPU.ActiveCfg = AppStore|iPhone
		{4A7BBADD-7700-42E3-A974-D07850CC564B}.AppStore|ARM.ActiveCfg = AppStore|iPhone
		{4A7BBADD-7700-42E3-A974-D07850CC564B}.AppStore|iPhone.ActiveCfg = AppStore|iPhone
		{4A7BBADD-7700-42E3-A974-D07850CC564B}.AppStore|iPhone.Build.0 = AppStore|iPhone
		{4A7BBADD-7700-42E3-A974-D07850CC564B}.AppStore|iPhoneSimulator.ActiveCfg = AppStore|iPhoneSimulator
		{4A7BBADD-7700-42E3-A974-D07850CC564B}.AppStore|iPhoneSimulator.Build.0 = AppStore|iPhoneSimulator
		{4A7BBADD-7700-42E3-A974-D07850CC564B}.AppStore|x64.ActiveCfg = AppStore|iPhone
		{4A7BBADD-7700-42E3-A974-D07850CC564B}.AppStore|x86.ActiveCfg = AppStore|iPhone
		{4A7BBADD-7700-42E3-A974-D07850CC564B}.Debug|Any CPU.ActiveCfg = Debug|iPhone
		{4A7BBADD-7700-42E3-A974-D07850CC564B}.Debug|ARM.ActiveCfg = Debug|iPhone
		{4A7BBADD-7700-42E3-A974-D07850CC564B}.Debug|iPhone.ActiveCfg = Debug|iPhone
		{4A7BBADD-7700-42E3-A974-D07850CC564B}.Debug|iPhone.Build.0 = Debug|iPhone
		{4A7BBADD-7700-42E3-A974-D07850CC564B}.Debug|iPhoneSimulator.ActiveCfg = Debug|iPhoneSimulator
		{4A7BBADD-7700-42E3-A974-D07850CC564B}.Debug|iPhoneSimulator.Build.0 = Debug|iPhoneSimulator
		{4A7BBADD-7700-42E3-A974-D07850CC564B}.Debug|x64.ActiveCfg = Debug|iPhone
		{4A7BBADD-7700-42E3-A974-D07850CC564B}.Debug|x86.ActiveCfg = Debug|iPhone
		{4A7BBADD-7700-42E3-A974-D07850CC564B}.Release|Any CPU.ActiveCfg = Release|iPhone
		{4A7BBADD-7700-42E3-A974-D07850CC564B}.Release|ARM.ActiveCfg = Release|iPhone
		{4A7BBADD-7700-42E3-A974-D07850CC564B}.Release|iPhone.ActiveCfg = Release|iPhone
		{4A7BBADD-7700-42E3-A974-D07850CC564B}.Release|iPhone.Build.0 = Release|iPhone
		{4A7BBADD-7700-42E3-A974-D07850CC564B}.Release|iPhoneSimulator.ActiveCfg = Release|iPhoneSimulator
		{4A7BBADD-7700-42E3-A974-D07850CC564B}.Release|iPhoneSimulator.Build.0 = Release|iPhoneSimulator
		{4A7BBADD-7700-42E3-A974-D07850CC564B}.Release|x64.ActiveCfg = Release|iPhone
		{4A7BBADD-7700-42E3-A974-D07850CC564B}.Release|x86.ActiveCfg = Release|iPhone
	EndGlobalSection
	GlobalSection(SolutionProperties) = preSolution
		HideSolutionNode = FALSE
	EndGlobalSection
EndGlobal
